
Microsoft Visual Studio Solution File, Format Version 12.00
# Visual Studio Version 17
VisualStudioVersion = 17.5.33502.453
MinimumVisualStudioVersion = 10.0.40219.1
Project("{8BC9CEB8-8B4A-11D0-8D11-00A0C91BC942}") = "KeyVolume", "KeyVolume.vcxproj", "{06ECBB79-A60C-49AA-9142-42A224DC164A}"
EndProject
Global
	GlobalSection(SolutionConfigurationPlatforms) = preSolution
		Debug|Win32 = Debug|Win32
		Debug|x64 = Debug|x64
		Release|Win32 = Release|Win32
		Release|x64 = Release|x64
	EndGlobalSection
	GlobalSection(ProjectConfigurationPlatforms) = postSolution
		{06ECBB79-A60C-49AA-9142-42A224DC164A}.Debug|Win32.ActiveCfg = Debug|Win32
		{06ECBB79-A60C-49AA-9142-42A224DC164A}.Debug|Win32.Build.0 = Debug|Win32
		{06ECBB79-A60C-49AA-9142-42A224DC164A}.Debug|x64.ActiveCfg = Debug|x64
		{06ECBB79-A60C-49AA-9142-42A224DC164A}.Debug|x64.Build.0 = Debug|x64
		{06ECBB79-A60C-49AA-9142-42A224DC164A}.Release|Win32.ActiveCfg = Release|Win32
		{06ECBB79-A60C-49AA-9142-42A224DC164A}.Release|Win32.Build.0 = Release|Win32
		{06ECBB79-A60C-49AA-9142-42A224DC164A}.Release|x64.ActiveCfg = Release|x64
		{06ECBB79-A60C-49AA-9142-42A224DC164A}.Release|x64.Build.0 = Release|x64
	EndGlobalSection
	GlobalSection(SolutionProperties) = preSolution
		HideSolutionNode = FALSE
	EndGlobalSection
	GlobalSection(ExtensibilityGlobals) = postSolution
		SolutionGuid = {9DDDB1AC-E734-4957-845A-C8D1AD737AD2}
	EndGlobalSection
EndGlobal
